
Microsoft Visual Studio Solution File, Format Version 12.00
# Visual Studio Version 17
VisualStudioVersion = 17.5.002.0
MinimumVisualStudioVersion = 10.0.40219.1
Project("{9A19103F-16F7-4668-BE54-9A1E7A4F7556}") = "7-Ride_Maker", "7-Ride_Maker.csproj", "{EF3E5B0E-3102-4EF8-9B13-03A89B11CE53}"
EndProject
Global
	GlobalSection(SolutionConfigurationPlatforms) = preSolution
		Debug|Any CPU = Debug|Any CPU
		Release|Any CPU = Release|Any CPU
	EndGlobalSection
	GlobalSection(ProjectConfigurationPlatforms) = postSolution
		{EF3E5B0E-3102-4EF8-9B13-03A89B11CE53}.Debug|Any CPU.ActiveCfg = Debug|Any CPU
		{EF3E5B0E-3102-4EF8-9B13-03A89B11CE53}.Debug|Any CPU.Build.0 = Debug|Any CPU
		{EF3E5B0E-3102-4EF8-9B13-03A89B11CE53}.Release|Any CPU.ActiveCfg = Release|Any CPU
		{EF3E5B0E-3102-4EF8-9B13-03A89B11CE53}.Release|Any CPU.Build.0 = Release|Any CPU
	EndGlobalSection
	GlobalSection(SolutionProperties) = preSolution
		HideSolutionNode = FALSE
	EndGlobalSection
	GlobalSection(ExtensibilityGlobals) = postSolution
		SolutionGuid = {DDE3D38B-A852-4D9E-8D97-4121F7187D27}
	EndGlobalSection
EndGlobal
